
Microsoft Visual Studio Solution File, Format Version 12.00
# Visual Studio 14
VisualStudioVersion = 14.0.25123.0
MinimumVisualStudioVersion = 10.0.40219.1
Project("{FAE04EC0-301F-11D3-BF4B-00C04F79EFBC}") = "NetDevPL.Apps.BackgoundJobs", "src\Apps\NetDevPL.Apps.BackgoundJobs\NetDevPL.Apps.BackgoundJobs.csproj", "{B65243DF-06F7-4D47-A37B-4107BE289F00}"
EndProject
Project("{FAE04EC0-301F-11D3-BF4B-00C04F79EFBC}") = "NetDevPL.Apps.WebApp", "src\Apps\NetDevPL.Apps.WebApp\NetDevPL.Apps.WebApp.csproj", "{D5046E5A-35D1-46B4-8DF4-44764ACDA3EE}"
EndProject
Project("{FAE04EC0-301F-11D3-BF4B-00C04F79EFBC}") = "NetDevPL.Infrastructure.MongoDB", "src\Infrastructure\NetDevPL.Infrastructure.MongoDB\NetDevPL.Infrastructure.MongoDB.csproj", "{441595F1-ECF3-4C73-984C-59EEF42A3E88}"
EndProject
Project("{FAE04EC0-301F-11D3-BF4B-00C04F79EFBC}") = "NetDevPL.Infrastructure.SharedKernel", "src\Infrastructure\NetDevPL.Infrastructure.SharedKernel\NetDevPL.Infrastructure.SharedKernel.csproj", "{513D6AF3-3CEF-45F7-A246-F111CDC40B76}"
EndProject
Project("{FAE04EC0-301F-11D3-BF4B-00C04F79EFBC}") = "NetDevPL.Features.Facebook", "src\Features\NetDevPL.Features.Facebook\NetDevPL.Features.Facebook.csproj", "{8FB3E6B7-B43E-4E28-988C-6BA87CDBA333}"
EndProject
Project("{2150E333-8FDC-42A3-9474-1A3956D46DE8}") = "Apps", "Apps", "{5C13B668-44DA-42C6-8740-1DD9633DB15B}"
EndProject
Project("{2150E333-8FDC-42A3-9474-1A3956D46DE8}") = "Features", "Features", "{457EF626-17F8-45DB-8FD7-101265927FEB}"
EndProject
Project("{2150E333-8FDC-42A3-9474-1A3956D46DE8}") = "Infrastructure", "Infrastructure", "{486C2A3E-E8D0-43CC-A443-866C13482577}"
EndProject
Project("{FAE04EC0-301F-11D3-BF4B-00C04F79EFBC}") = "NetDevPL.Features.NetGroups", "src\Features\NetDevPL.Features.NetGroups\NetDevPL.Features.NetGroups.csproj", "{D817CF1B-7E0A-419A-AA50-446F8DE8ACCD}"
EndProject
Project("{FAE04EC0-301F-11D3-BF4B-00C04F79EFBC}") = "NetDevPL.Infrastructure.Helpers", "src\Infrastructure\NetDevPL.Infrastructure.Helpers\NetDevPL.Infrastructure.Helpers.csproj", "{94FB1895-3F7E-4049-AD5E-49618AA12FF2}"
EndProject
Project("{FAE04EC0-301F-11D3-BF4B-00C04F79EFBC}") = "NetDevPL.Features.Blogs", "src\Features\NetDevPL.Features.Blogs\NetDevPL.Features.Blogs.csproj", "{3AE17152-62B5-4900-A186-C4D48BFDAEC4}"
EndProject
Project("{2150E333-8FDC-42A3-9474-1A3956D46DE8}") = "src", "src", "{D6DE85AA-9610-499E-B033-73410F5CBA76}"
EndProject
Project("{2150E333-8FDC-42A3-9474-1A3956D46DE8}") = "tests", "tests", "{FAD3515B-B10C-4380-81D7-43E437AB13CF}"
EndProject
Project("{FAE04EC0-301F-11D3-BF4B-00C04F79EFBC}") = "NetDevPL.Features.NetGroups.IntegrationTests", "tests\Integration\NetDevPL.Features.NetGroups.IntegrationTests\NetDevPL.Features.NetGroups.IntegrationTests.csproj", "{32E543B2-8075-4F9B-BC7A-12D648D83AB3}"
EndProject
Project("{2150E333-8FDC-42A3-9474-1A3956D46DE8}") = "docs", "docs", "{ACA5BB2C-5797-4ABF-8C38-E6DE311CEDD3}"
	ProjectSection(SolutionItems) = preProject
		docs\solution_layout.md = docs\solution_layout.md
	EndProjectSection
EndProject
Project("{FAE04EC0-301F-11D3-BF4B-00C04F79EFBC}") = "NetDevPL.TestHelpers", "tests\NetDevPL.TestHelpers\NetDevPL.TestHelpers.csproj", "{5ABA53D4-EF59-4D96-9535-7E9FCEDB245C}"
EndProject
Project("{FAE04EC0-301F-11D3-BF4B-00C04F79EFBC}") = "NetDevPL.CodeQualityTests", "tests\NetDevPL.CodeQualityTests\NetDevPL.CodeQualityTests.csproj", "{8598D6CF-09D6-434B-B10B-07A427B8C4ED}"
EndProject
Global
	GlobalSection(SolutionConfigurationPlatforms) = preSolution
		Debug|Any CPU = Debug|Any CPU
		Release|Any CPU = Release|Any CPU
	EndGlobalSection
	GlobalSection(ProjectConfigurationPlatforms) = postSolution
		{B65243DF-06F7-4D47-A37B-4107BE289F00}.Debug|Any CPU.ActiveCfg = Debug|Any CPU
		{B65243DF-06F7-4D47-A37B-4107BE289F00}.Debug|Any CPU.Build.0 = Debug|Any CPU
		{B65243DF-06F7-4D47-A37B-4107BE289F00}.Release|Any CPU.ActiveCfg = Release|Any CPU
		{B65243DF-06F7-4D47-A37B-4107BE289F00}.Release|Any CPU.Build.0 = Release|Any CPU
		{D5046E5A-35D1-46B4-8DF4-44764ACDA3EE}.Debug|Any CPU.ActiveCfg = Debug|Any CPU
		{D5046E5A-35D1-46B4-8DF4-44764ACDA3EE}.Debug|Any CPU.Build.0 = Debug|Any CPU
		{D5046E5A-35D1-46B4-8DF4-44764ACDA3EE}.Release|Any CPU.ActiveCfg = Release|Any CPU
		{D5046E5A-35D1-46B4-8DF4-44764ACDA3EE}.Release|Any CPU.Build.0 = Release|Any CPU
		{441595F1-ECF3-4C73-984C-59EEF42A3E88}.Debug|Any CPU.ActiveCfg = Debug|Any CPU
		{441595F1-ECF3-4C73-984C-59EEF42A3E88}.Debug|Any CPU.Build.0 = Debug|Any CPU
		{441595F1-ECF3-4C73-984C-59EEF42A3E88}.Release|Any CPU.ActiveCfg = Release|Any CPU
		{441595F1-ECF3-4C73-984C-59EEF42A3E88}.Release|Any CPU.Build.0 = Release|Any CPU
		{513D6AF3-3CEF-45F7-A246-F111CDC40B76}.Debug|Any CPU.ActiveCfg = Debug|Any CPU
		{513D6AF3-3CEF-45F7-A246-F111CDC40B76}.Debug|Any CPU.Build.0 = Debug|Any CPU
		{513D6AF3-3CEF-45F7-A246-F111CDC40B76}.Release|Any CPU.ActiveCfg = Release|Any CPU
		{513D6AF3-3CEF-45F7-A246-F111CDC40B76}.Release|Any CPU.Build.0 = Release|Any CPU
		{8FB3E6B7-B43E-4E28-988C-6BA87CDBA333}.Debug|Any CPU.ActiveCfg = Debug|Any CPU
		{8FB3E6B7-B43E-4E28-988C-6BA87CDBA333}.Debug|Any CPU.Build.0 = Debug|Any CPU
		{8FB3E6B7-B43E-4E28-988C-6BA87CDBA333}.Release|Any CPU.ActiveCfg = Release|Any CPU
		{8FB3E6B7-B43E-4E28-988C-6BA87CDBA333}.Release|Any CPU.Build.0 = Release|Any CPU
		{D817CF1B-7E0A-419A-AA50-446F8DE8ACCD}.Debug|Any CPU.ActiveCfg = Debug|Any CPU
		{D817CF1B-7E0A-419A-AA50-446F8DE8ACCD}.Debug|Any CPU.Build.0 = Debug|Any CPU
		{D817CF1B-7E0A-419A-AA50-446F8DE8ACCD}.Release|Any CPU.ActiveCfg = Release|Any CPU
		{D817CF1B-7E0A-419A-AA50-446F8DE8ACCD}.Release|Any CPU.Build.0 = Release|Any CPU
		{94FB1895-3F7E-4049-AD5E-49618AA12FF2}.Debug|Any CPU.ActiveCfg = Debug|Any CPU
		{94FB1895-3F7E-4049-AD5E-49618AA12FF2}.Debug|Any CPU.Build.0 = Debug|Any CPU
		{94FB1895-3F7E-4049-AD5E-49618AA12FF2}.Release|Any CPU.ActiveCfg = Release|Any CPU
		{94FB1895-3F7E-4049-AD5E-49618AA12FF2}.Release|Any CPU.Build.0 = Release|Any CPU
		{3AE17152-62B5-4900-A186-C4D48BFDAEC4}.Debug|Any CPU.ActiveCfg = Debug|Any CPU
		{3AE17152-62B5-4900-A186-C4D48BFDAEC4}.Debug|Any CPU.Build.0 = Debug|Any CPU
		{3AE17152-62B5-4900-A186-C4D48BFDAEC4}.Release|Any CPU.ActiveCfg = Release|Any CPU
		{3AE17152-62B5-4900-A186-C4D48BFDAEC4}.Release|Any CPU.Build.0 = Release|Any CPU
		{32E543B2-8075-4F9B-BC7A-12D648D83AB3}.Debug|Any CPU.ActiveCfg = Debug|Any CPU
		{32E543B2-8075-4F9B-BC7A-12D648D83AB3}.Debug|Any CPU.Build.0 = Debug|Any CPU
		{32E543B2-8075-4F9B-BC7A-12D648D83AB3}.Release|Any CPU.ActiveCfg = Release|Any CPU
		{32E543B2-8075-4F9B-BC7A-12D648D83AB3}.Release|Any CPU.Build.0 = Release|Any CPU
		{5ABA53D4-EF59-4D96-9535-7E9FCEDB245C}.Debug|Any CPU.ActiveCfg = Debug|Any CPU
		{5ABA53D4-EF59-4D96-9535-7E9FCEDB245C}.Debug|Any CPU.Build.0 = Debug|Any CPU
		{5ABA53D4-EF59-4D96-9535-7E9FCEDB245C}.Release|Any CPU.ActiveCfg = Release|Any CPU
		{5ABA53D4-EF59-4D96-9535-7E9FCEDB245C}.Release|Any CPU.Build.0 = Release|Any CPU
		{8598D6CF-09D6-434B-B10B-07A427B8C4ED}.Debug|Any CPU.ActiveCfg = Debug|Any CPU
		{8598D6CF-09D6-434B-B10B-07A427B8C4ED}.Debug|Any CPU.Build.0 = Debug|Any CPU
		{8598D6CF-09D6-434B-B10B-07A427B8C4ED}.Release|Any CPU.ActiveCfg = Release|Any CPU
		{8598D6CF-09D6-434B-B10B-07A427B8C4ED}.Release|Any CPU.Build.0 = Release|Any CPU
	EndGlobalSection
	GlobalSection(SolutionProperties) = preSolution
		HideSolutionNode = FALSE
	EndGlobalSection
	GlobalSection(NestedProjects) = preSolution
		{B65243DF-06F7-4D47-A37B-4107BE289F00} = {5C13B668-44DA-42C6-8740-1DD9633DB15B}
		{D5046E5A-35D1-46B4-8DF4-44764ACDA3EE} = {5C13B668-44DA-42C6-8740-1DD9633DB15B}
		{441595F1-ECF3-4C73-984C-59EEF42A3E88} = {486C2A3E-E8D0-43CC-A443-866C13482577}
		{513D6AF3-3CEF-45F7-A246-F111CDC40B76} = {486C2A3E-E8D0-43CC-A443-866C13482577}
		{8FB3E6B7-B43E-4E28-988C-6BA87CDBA333} = {457EF626-17F8-45DB-8FD7-101265927FEB}
		{5C13B668-44DA-42C6-8740-1DD9633DB15B} = {D6DE85AA-9610-499E-B033-73410F5CBA76}
		{457EF626-17F8-45DB-8FD7-101265927FEB} = {D6DE85AA-9610-499E-B033-73410F5CBA76}
		{486C2A3E-E8D0-43CC-A443-866C13482577} = {D6DE85AA-9610-499E-B033-73410F5CBA76}
		{D817CF1B-7E0A-419A-AA50-446F8DE8ACCD} = {457EF626-17F8-45DB-8FD7-101265927FEB}
		{94FB1895-3F7E-4049-AD5E-49618AA12FF2} = {486C2A3E-E8D0-43CC-A443-866C13482577}
		{3AE17152-62B5-4900-A186-C4D48BFDAEC4} = {457EF626-17F8-45DB-8FD7-101265927FEB}
		{32E543B2-8075-4F9B-BC7A-12D648D83AB3} = {FAD3515B-B10C-4380-81D7-43E437AB13CF}
		{5ABA53D4-EF59-4D96-9535-7E9FCEDB245C} = {FAD3515B-B10C-4380-81D7-43E437AB13CF}
		{8598D6CF-09D6-434B-B10B-07A427B8C4ED} = {FAD3515B-B10C-4380-81D7-43E437AB13CF}
	EndGlobalSection
EndGlobal
